
Microsoft Visual Studio Solution File, Format Version 12.00
# Visual Studio Version 16
VisualStudioVersion = 16.0.31129.286
MinimumVisualStudioVersion = 10.0.40219.1
Project("{FAE04EC0-301F-11D3-BF4B-00C04F79EFBC}") = "AganceDeVoyage", "AganceDeVoyage\AganceDeVoyage.csproj", "{0368CF34-8DE3-4ABC-A218-59BED3364ADF}"
EndProject
Global
	GlobalSection(SolutionConfigurationPlatforms) = preSolution
		Debug|Any CPU = Debug|Any CPU
		Release|Any CPU = Release|Any CPU
	EndGlobalSection
	GlobalSection(ProjectConfigurationPlatforms) = postSolution
		{0368CF34-8DE3-4ABC-A218-59BED3364ADF}.Debug|Any CPU.ActiveCfg = Debug|Any CPU
		{0368CF34-8DE3-4ABC-A218-59BED3364ADF}.Debug|Any CPU.Build.0 = Debug|Any CPU
		{0368CF34-8DE3-4ABC-A218-59BED3364ADF}.Release|Any CPU.ActiveCfg = Release|Any CPU
		{0368CF34-8DE3-4ABC-A218-59BED3364ADF}.Release|Any CPU.Build.0 = Release|Any CPU
	EndGlobalSection
	GlobalSection(SolutionProperties) = preSolution
		HideSolutionNode = FALSE
	EndGlobalSection
	GlobalSection(ExtensibilityGlobals) = postSolution
		SolutionGuid = {C0F53928-4038-46A8-A5B7-A60E94F4BF3A}
	EndGlobalSection
EndGlobal
