
Microsoft Visual Studio Solution File, Format Version 12.00
# Visual Studio Version 16
VisualStudioVersion = 16.0.31129.286
MinimumVisualStudioVersion = 10.0.40219.1
Project("{FAE04EC0-301F-11D3-BF4B-00C04F79EFBC}") = "Hotel", "Hotel\Hotel.csproj", "{D3108E93-E9F7-413C-9A11-F35587821975}"
EndProject
Global
	GlobalSection(SolutionConfigurationPlatforms) = preSolution
		Debug|Any CPU = Debug|Any CPU
		Release|Any CPU = Release|Any CPU
	EndGlobalSection
	GlobalSection(ProjectConfigurationPlatforms) = postSolution
		{D3108E93-E9F7-413C-9A11-F35587821975}.Debug|Any CPU.ActiveCfg = Debug|Any CPU
		{D3108E93-E9F7-413C-9A11-F35587821975}.Debug|Any CPU.Build.0 = Debug|Any CPU
		{D3108E93-E9F7-413C-9A11-F35587821975}.Release|Any CPU.ActiveCfg = Release|Any CPU
		{D3108E93-E9F7-413C-9A11-F35587821975}.Release|Any CPU.Build.0 = Release|Any CPU
	EndGlobalSection
	GlobalSection(SolutionProperties) = preSolution
		HideSolutionNode = FALSE
	EndGlobalSection
	GlobalSection(ExtensibilityGlobals) = postSolution
		SolutionGuid = {14B2A3E7-DD62-471C-B67B-FA3BB4673E02}
	EndGlobalSection
EndGlobal
